
Microsoft Visual Studio Solution File, Format Version 12.00
# Visual Studio Version 16
VisualStudioVersion = 16.0.32106.194
MinimumVisualStudioVersion = 10.0.40219.1
Project("{FAE04EC0-301F-11D3-BF4B-00C04F79EFBC}") = "Continental.Project.Adam.UI", "Continental.Project.Adam.UI\Continental.Project.Adam.UI.csproj", "{AB21EE1D-F088-4D37-9CC2-DB65E2190467}"
EndProject
Global
	GlobalSection(SolutionConfigurationPlatforms) = preSolution
		Debug|Any CPU = Debug|Any CPU
		Debug|x86 = Debug|x86
		Release|Any CPU = Release|Any CPU
		Release|x86 = Release|x86
	EndGlobalSection
	GlobalSection(ProjectConfigurationPlatforms) = postSolution
		{AB21EE1D-F088-4D37-9CC2-DB65E2190467}.Debug|Any CPU.ActiveCfg = Debug|Any CPU
		{AB21EE1D-F088-4D37-9CC2-DB65E2190467}.Debug|Any CPU.Build.0 = Debug|Any CPU
		{AB21EE1D-F088-4D37-9CC2-DB65E2190467}.Debug|x86.ActiveCfg = Debug|Any CPU
		{AB21EE1D-F088-4D37-9CC2-DB65E2190467}.Debug|x86.Build.0 = Debug|Any CPU
		{AB21EE1D-F088-4D37-9CC2-DB65E2190467}.Release|Any CPU.ActiveCfg = Release|Any CPU
		{AB21EE1D-F088-4D37-9CC2-DB65E2190467}.Release|Any CPU.Build.0 = Release|Any CPU
		{AB21EE1D-F088-4D37-9CC2-DB65E2190467}.Release|x86.ActiveCfg = Release|Any CPU
		{AB21EE1D-F088-4D37-9CC2-DB65E2190467}.Release|x86.Build.0 = Release|Any CPU
	EndGlobalSection
	GlobalSection(SolutionProperties) = preSolution
		HideSolutionNode = FALSE
	EndGlobalSection
	GlobalSection(ExtensibilityGlobals) = postSolution
		SolutionGuid = {6DA63428-FE83-47E9-AF01-B9E11E387242}
	EndGlobalSection
EndGlobal
